
Microsoft Visual Studio Solution File, Format Version 12.00
# Visual Studio Version 17
VisualStudioVersion = 17.9.34723.18
MinimumVisualStudioVersion = 10.0.40219.1
Project("{9A19103F-16F7-4668-BE54-9A1E7A4F7556}") = "ZkLauncher", "ZkLauncher\ZkLauncher.csproj", "{8B3520C5-623F-4A19-85A8-F2DDF0C247F1}"
EndProject
Project("{54435603-DBB4-11D2-8724-00A0C9A8B90C}") = "ZkLauncherInstaller", "ZkLauncherInstaller\ZkLauncherInstaller.vdproj", "{C68ECA32-99F0-4D5F-994D-F2A387FFD898}"
EndProject
Global
	GlobalSection(SolutionConfigurationPlatforms) = preSolution
		Debug|Any CPU = Debug|Any CPU
		Release|Any CPU = Release|Any CPU
	EndGlobalSection
	GlobalSection(ProjectConfigurationPlatforms) = postSolution
		{8B3520C5-623F-4A19-85A8-F2DDF0C247F1}.Debug|Any CPU.ActiveCfg = Debug|Any CPU
		{8B3520C5-623F-4A19-85A8-F2DDF0C247F1}.Debug|Any CPU.Build.0 = Debug|Any CPU
		{8B3520C5-623F-4A19-85A8-F2DDF0C247F1}.Release|Any CPU.ActiveCfg = Release|Any CPU
		{8B3520C5-623F-4A19-85A8-F2DDF0C247F1}.Release|Any CPU.Build.0 = Release|Any CPU
		{C68ECA32-99F0-4D5F-994D-F2A387FFD898}.Debug|Any CPU.ActiveCfg = Debug
		{C68ECA32-99F0-4D5F-994D-F2A387FFD898}.Release|Any CPU.ActiveCfg = Release
	EndGlobalSection
	GlobalSection(SolutionProperties) = preSolution
		HideSolutionNode = FALSE
	EndGlobalSection
	GlobalSection(ExtensibilityGlobals) = postSolution
		SolutionGuid = {20DD9D1F-801B-4C44-A24B-5A7737F179D2}
	EndGlobalSection
EndGlobal
